// !$*UTF8*$!
{
	archiveVersion = 1;
	classes = {
	};
	objectVersion = 50;
	objects = {

/* Begin PBXBuildFile section */
		A44768C323CE15F900148F17 /* AppDelegate.swift in Sources */ = {isa = PBXBuildFile; fileRef = A44768C223CE15F900148F17 /* AppDelegate.swift */; };
		A44768C523CE15F900148F17 /* SceneDelegate.swift in Sources */ = {isa = PBXBuildFile; fileRef = A44768C423CE15F900148F17 /* SceneDelegate.swift */; };
		A44768C723CE15F900148F17 /* ViewController.swift in Sources */ = {isa = PBXBuildFile; fileRef = A44768C623CE15F900148F17 /* ViewController.swift */; };
		A44768CA23CE15F900148F17 /* Main.storyboard in Resources */ = {isa = PBXBuildFile; fileRef = A44768C823CE15F900148F17 /* Main.storyboard */; };
		A44768CD23CE15F900148F17 /* OrderDrinkAppVer_3.xcdatamodeld in Sources */ = {isa = PBXBuildFile; fileRef = A44768CB23CE15F900148F17 /* OrderDrinkAppVer_3.xcdatamodeld */; };
		A44768CF23CE15FD00148F17 /* Assets.xcassets in Resources */ = {isa = PBXBuildFile; fileRef = A44768CE23CE15FD00148F17 /* Assets.xcassets */; };
		A44768D223CE15FD00148F17 /* LaunchScreen.storyboard in Resources */ = {isa = PBXBuildFile; fileRef = A44768D023CE15FD00148F17 /* LaunchScreen.storyboard */; };
		A44768DD23CE15FD00148F17 /* OrderDrinkAppVer_3Tests.swift in Sources */ = {isa = PBXBuildFile; fileRef = A44768DC23CE15FD00148F17 /* OrderDrinkAppVer_3Tests.swift */; };
		A44768E823CE15FD00148F17 /* OrderDrinkAppVer_3UITests.swift in Sources */ = {isa = PBXBuildFile; fileRef = A44768E723CE15FD00148F17 /* OrderDrinkAppVer_3UITests.swift */; };
/* End PBXBuildFile section */

/* Begin PBXContainerItemProxy section */
		A44768D923CE15FD00148F17 /* PBXContainerItemProxy */ = {
			isa = PBXContainerItemProxy;
			containerPortal = A44768B723CE15F900148F17 /* Project object */;
			proxyType = 1;
			remoteGlobalIDString = A44768BE23CE15F900148F17;
			remoteInfo = OrderDrinkAppVer.3;
		};
		A44768E423CE15FD00148F17 /* PBXContainerItemProxy */ = {
			isa = PBXContainerItemProxy;
			containerPortal = A44768B723CE15F900148F17 /* Project object */;
			proxyType = 1;
			remoteGlobalIDString = A44768BE23CE15F900148F17;
			remoteInfo = OrderDrinkAppVer.3;
		};
/* End PBXContainerItemProxy section */

/* Begin PBXFileReference section */
		A44768BF23CE15F900148F17 /* OrderDrinkAppVer.3.app */ = {isa = PBXFileReference; explicitFileType = wrapper.application; includeInIndex = 0; path = OrderDrinkAppVer.3.app; sourceTree = BUILT_PRODUCTS_DIR; };
		A44768C223CE15F900148F17 /* AppDelegate.swift */ = {isa = PBXFileReference; lastKnownFileType = sourcecode.swift; path = AppDelegate.swift; sourceTree = "<group>"; };
		A44768C423CE15F900148F17 /* SceneDelegate.swift */ = {isa = PBXFileReference; lastKnownFileType = sourcecode.swift; path = SceneDelegate.swift; sourceTree = "<group>"; };
		A44768C623CE15F900148F17 /* ViewController.swift */ = {isa = PBXFileReference; lastKnownFileType = sourcecode.swift; path = ViewController.swift; sourceTree = "<group>"; };
		A44768C923CE15F900148F17 /* Base */ = {isa = PBXFileReference; lastKnownFileType = file.storyboard; name = Base; path = Base.lproj/Main.storyboard; sourceTree = "<group>"; };
		A44768CC23CE15F900148F17 /* OrderDrinkAppVer_3.xcdatamodel */ = {isa = PBXFileReference; lastKnownFileType = wrapper.xcdatamodel; path = OrderDrinkAppVer_3.xcdatamodel; sourceTree = "<group>"; };
		A44768CE23CE15FD00148F17 /* Assets.xcassets */ = {isa = PBXFileReference; lastKnownFileType = folder.assetcatalog; path = Assets.xcassets; sourceTree = "<group>"; };
		A44768D123CE15FD00148F17 /* Base */ = {isa = PBXFileReference; lastKnownFileType = file.storyboard; name = Base; path = Base.lproj/LaunchScreen.storyboard; sourceTree = "<group>"; };
		A44768D323CE15FD00148F17 /* Info.plist */ = {isa = PBXFileReference; lastKnownFileType = text.plist.xml; path = Info.plist; sourceTree = "<group>"; };
		A44768D823CE15FD00148F17 /* OrderDrinkAppVer.3Tests.xctest */ = {isa = PBXFileReference; explicitFileType = wrapper.cfbundle; includeInIndex = 0; path = OrderDrinkAppVer.3Tests.xctest; sourceTree = BUILT_PRODUCTS_DIR; };
		A44768DC23CE15FD00148F17 /* OrderDrinkAppVer_3Tests.swift */ = {isa = PBXFileReference; lastKnownFileType = sourcecode.swift; path = OrderDrinkAppVer_3Tests.swift; sourceTree = "<group>"; };
		A44768DE23CE15FD00148F17 /* Info.plist */ = {isa = PBXFileReference; lastKnownFileType = text.plist.xml; path = Info.plist; sourceTree = "<group>"; };
		A44768E323CE15FD00148F17 /* OrderDrinkAppVer.3UITests.xctest */ = {isa = PBXFileReference; explicitFileType = wrapper.cfbundle; includeInIndex = 0; path = OrderDrinkAppVer.3UITests.xctest; sourceTree = BUILT_PRODUCTS_DIR; };
		A44768E723CE15FD00148F17 /* OrderDrinkAppVer_3UITests.swift */ = {isa = PBXFileReference; lastKnownFileType = sourcecode.swift; path = OrderDrinkAppVer_3UITests.swift; sourceTree = "<group>"; };
		A44768E923CE15FD00148F17 /* Info.plist */ = {isa = PBXFileReference; lastKnownFileType = text.plist.xml; path = Info.plist; sourceTree = "<group>"; };
/* End PBXFileReference section */

/* Begin PBXFrameworksBuildPhase section */
		A44768BC23CE15F900148F17 /* Frameworks */ = {
			isa = PBXFrameworksBuildPhase;
			buildActionMask = 2147483647;
			files = (
			);
			runOnlyForDeploymentPostprocessing = 0;
		};
		A44768D523CE15FD00148F17 /* Frameworks */ = {
			isa = PBXFrameworksBuildPhase;
			buildActionMask = 2147483647;
			files = (
			);
			runOnlyForDeploymentPostprocessing = 0;
		};
		A44768E023CE15FD00148F17 /* Frameworks */ = {
			isa = PBXFrameworksBuildPhase;
			buildActionMask = 2147483647;
			files = (
			);
			runOnlyForDeploymentPostprocessing = 0;
		};
/* End PBXFrameworksBuildPhase section */

/* Begin PBXGroup section */
		A44768B623CE15F900148F17 = {
			isa = PBXGroup;
			children = (
				A44768C123CE15F900148F17 /* OrderDrinkAppVer.3 */,
				A44768DB23CE15FD00148F17 /* OrderDrinkAppVer.3Tests */,
				A44768E623CE15FD00148F17 /* OrderDrinkAppVer.3UITests */,
				A44768C023CE15F900148F17 /* Products */,
			);
			sourceTree = "<group>";
		};
		A44768C023CE15F900148F17 /* Products */ = {
			isa = PBXGroup;
			children = (
				A44768BF23CE15F900148F17 /* OrderDrinkAppVer.3.app */,
				A44768D823CE15FD00148F17 /* OrderDrinkAppVer.3Tests.xctest */,
				A44768E323CE15FD00148F17 /* OrderDrinkAppVer.3UITests.xctest */,
			);
			name = Products;
			sourceTree = "<group>";
		};
		A44768C123CE15F900148F17 /* OrderDrinkAppVer.3 */ = {
			isa = PBXGroup;
			children = (
				A44768C223CE15F900148F17 /* AppDelegate.swift */,
				A44768C423CE15F900148F17 /* SceneDelegate.swift */,
				A44768C623CE15F900148F17 /* ViewController.swift */,
				A44768C823CE15F900148F17 /* Main.storyboard */,
				A44768CE23CE15FD00148F17 /* Assets.xcassets */,
				A44768D023CE15FD00148F17 /* LaunchScreen.storyboard */,
				A44768D323CE15FD00148F17 /* Info.plist */,
				A44768CB23CE15F900148F17 /* OrderDrinkAppVer_3.xcdatamodeld */,
			);
			path = OrderDrinkAppVer.3;
			sourceTree = "<group>";
		};
		A44768DB23CE15FD00148F17 /* OrderDrinkAppVer.3Tests */ = {
			isa = PBXGroup;
			children = (
				A44768DC23CE15FD00148F17 /* OrderDrinkAppVer_3Tests.swift */,
				A44768DE23CE15FD00148F17 /* Info.plist */,
			);
			path = OrderDrinkAppVer.3Tests;
			sourceTree = "<group>";
		};
		A44768E623CE15FD00148F17 /* OrderDrinkAppVer.3UITests */ = {
			isa = PBXGroup;
			children = (
				A44768E723CE15FD00148F17 /* OrderDrinkAppVer_3UITests.swift */,
				A44768E923CE15FD00148F17 /* Info.plist */,
			);
			path = OrderDrinkAppVer.3UITests;
			sourceTree = "<group>";
		};
/* End PBXGroup section */

/* Begin PBXNativeTarget section */
		A44768BE23CE15F900148F17 /* OrderDrinkAppVer.3 */ = {
			isa = PBXNativeTarget;
			buildConfigurationList = A44768EC23CE15FD00148F17 /* Build configuration list for PBXNativeTarget "OrderDrinkAppVer.3" */;
			buildPhases = (
				A44768BB23CE15F900148F17 /* Sources */,
				A44768BC23CE15F900148F17 /* Frameworks */,
				A44768BD23CE15F900148F17 /* Resources */,
			);
			buildRules = (
			);
			dependencies = (
			);
			name = OrderDrinkAppVer.3;
			productName = OrderDrinkAppVer.3;
			productReference = A44768BF23CE15F900148F17 /* OrderDrinkAppVer.3.app */;
			productType = "com.apple.product-type.application";
		};
		A44768D723CE15FD00148F17 /* OrderDrinkAppVer.3Tests */ = {
			isa = PBXNativeTarget;
			buildConfigurationList = A44768EF23CE15FD00148F17 /* Build configuration list for PBXNativeTarget "OrderDrinkAppVer.3Tests" */;
			buildPhases = (
				A44768D423CE15FD00148F17 /* Sources */,
				A44768D523CE15FD00148F17 /* Frameworks */,
				A44768D623CE15FD00148F17 /* Resources */,
			);
			buildRules = (
			);
			dependencies = (
				A44768DA23CE15FD00148F17 /* PBXTargetDependency */,
			);
			name = OrderDrinkAppVer.3Tests;
			productName = OrderDrinkAppVer.3Tests;
			productReference = A44768D823CE15FD00148F17 /* OrderDrinkAppVer.3Tests.xctest */;
			productType = "com.apple.product-type.bundle.unit-test";
		};
		A44768E223CE15FD00148F17 /* OrderDrinkAppVer.3UITests */ = {
			isa = PBXNativeTarget;
			buildConfigurationList = A44768F223CE15FD00148F17 /* Build configuration list for PBXNativeTarget "OrderDrinkAppVer.3UITests" */;
			buildPhases = (
				A44768DF23CE15FD00148F17 /* Sources */,
				A44768E023CE15FD00148F17 /* Frameworks */,
				A44768E123CE15FD00148F17 /* Resources */,
			);
			buildRules = (
			);
			dependencies = (
				A44768E523CE15FD00148F17 /* PBXTargetDependency */,
			);
			name = OrderDrinkAppVer.3UITests;
			productName = OrderDrinkAppVer.3UITests;
			productReference = A44768E323CE15FD00148F17 /* OrderDrinkAppVer.3UITests.xctest */;
			productType = "com.apple.product-type.bundle.ui-testing";
		};
/* End PBXNativeTarget section */

/* Begin PBXProject section */
		A44768B723CE15F900148F17 /* Project object */ = {
			isa = PBXProject;
			attributes = {
				LastSwiftUpdateCheck = 1130;
				LastUpgradeCheck = 1130;
				ORGANIZATIONNAME = "顏禹文";
				TargetAttributes = {
					A44768BE23CE15F900148F17 = {
						CreatedOnToolsVersion = 11.3;
					};
					A44768D723CE15FD00148F17 = {
						CreatedOnToolsVersion = 11.3;
						TestTargetID = A44768BE23CE15F900148F17;
					};
					A44768E223CE15FD00148F17 = {
						CreatedOnToolsVersion = 11.3;
						TestTargetID = A44768BE23CE15F900148F17;
					};
				};
			};
			buildConfigurationList = A44768BA23CE15F900148F17 /* Build configuration list for PBXProject "OrderDrinkAppVer.3" */;
			compatibilityVersion = "Xcode 9.3";
			developmentRegion = en;
			hasScannedForEncodings = 0;
			knownRegions = (
				en,
				Base,
			);
			mainGroup = A44768B623CE15F900148F17;
			productRefGroup = A44768C023CE15F900148F17 /* Products */;
			projectDirPath = "";
			projectRoot = "";
			targets = (
				A44768BE23CE15F900148F17 /* OrderDrinkAppVer.3 */,
				A44768D723CE15FD00148F17 /* OrderDrinkAppVer.3Tests */,
				A44768E223CE15FD00148F17 /* OrderDrinkAppVer.3UITests */,
			);
		};
/* End PBXProject section */

/* Begin PBXResourcesBuildPhase section */
		A44768BD23CE15F900148F17 /* Resources */ = {
			isa = PBXResourcesBuildPhase;
			buildActionMask = 2147483647;
			files = (
				A44768D223CE15FD00148F17 /* LaunchScreen.storyboard in Resources */,
				A44768CF23CE15FD00148F17 /* Assets.xcassets in Resources */,
				A44768CA23CE15F900148F17 /* Main.storyboard in Resources */,
			);
			runOnlyForDeploymentPostprocessing = 0;
		};
		A44768D623CE15FD00148F17 /* Resources */ = {
			isa = PBXResourcesBuildPhase;
			buildActionMask = 2147483647;
			files = (
			);
			runOnlyForDeploymentPostprocessing = 0;
		};
		A44768E123CE15FD00148F17 /* Resources */ = {
			isa = PBXResourcesBuildPhase;
			buildActionMask = 2147483647;
			files = (
			);
			runOnlyForDeploymentPostprocessing = 0;
		};
/* End PBXResourcesBuildPhase section */

/* Begin PBXSourcesBuildPhase section */
		A44768BB23CE15F900148F17 /* Sources */ = {
			isa = PBXSourcesBuildPhase;
			buildActionMask = 2147483647;
			files = (
				A44768C723CE15F900148F17 /* ViewController.swift in Sources */,
				A44768C323CE15F900148F17 /* AppDelegate.swift in Sources */,
				A44768C523CE15F900148F17 /* SceneDelegate.swift in Sources */,
				A44768CD23CE15F900148F17 /* OrderDrinkAppVer_3.xcdatamodeld in Sources */,
			);
			runOnlyForDeploymentPostprocessing = 0;
		};
		A44768D423CE15FD00148F17 /* Sources */ = {
			isa = PBXSourcesBuildPhase;
			buildActionMask = 2147483647;
			files = (
				A44768DD23CE15FD00148F17 /* OrderDrinkAppVer_3Tests.swift in Sources */,
			);
			runOnlyForDeploymentPostprocessing = 0;
		};
		A44768DF23CE15FD00148F17 /* Sources */ = {
			isa = PBXSourcesBuildPhase;
			buildActionMask = 2147483647;
			files = (
				A44768E823CE15FD00148F17 /* OrderDrinkAppVer_3UITests.swift in Sources */,
			);
			runOnlyForDeploymentPostprocessing = 0;
		};
/* End PBXSourcesBuildPhase section */

/* Begin PBXTargetDependency section */
		A44768DA23CE15FD00148F17 /* PBXTargetDependency */ = {
			isa = PBXTargetDependency;
			target = A44768BE23CE15F900148F17 /* OrderDrinkAppVer.3 */;
			targetProxy = A44768D923CE15FD00148F17 /* PBXContainerItemProxy */;
		};
		A44768E523CE15FD00148F17 /* PBXTargetDependency */ = {
			isa = PBXTargetDependency;
			target = A44768BE23CE15F900148F17 /* OrderDrinkAppVer.3 */;
			targetProxy = A44768E423CE15FD00148F17 /* PBXContainerItemProxy */;
		};
/* End PBXTargetDependency section */

/* Begin PBXVariantGroup section */
		A44768C823CE15F900148F17 /* Main.storyboard */ = {
			isa = PBXVariantGroup;
			children = (
				A44768C923CE15F900148F17 /* Base */,
			);
			name = Main.storyboard;
			sourceTree = "<group>";
		};
		A44768D023CE15FD00148F17 /* LaunchScreen.storyboard */ = {
			isa = PBXVariantGroup;
			children = (
				A44768D123CE15FD00148F17 /* Base */,
			);
			name = LaunchScreen.storyboard;
			sourceTree = "<group>";
		};
/* End PBXVariantGroup section */

/* Begin XCBuildConfiguration section */
		A44768EA23CE15FD00148F17 /* Debug */ = {
			isa = XCBuildConfiguration;
			buildSettings = {
				ALWAYS_SEARCH_USER_PATHS = NO;
				CLANG_ANALYZER_NONNULL = YES;
				CLANG_ANALYZER_NUMBER_OBJECT_CONVERSION = YES_AGGRESSIVE;
				CLANG_CXX_LANGUAGE_STANDARD = "gnu++14";
				CLANG_CXX_LIBRARY = "libc++";
				CLANG_ENABLE_MODULES = YES;
				CLANG_ENABLE_OBJC_ARC = YES;
				CLANG_ENABLE_OBJC_WEAK = YES;
				CLANG_WARN_BLOCK_CAPTURE_AUTORELEASING = YES;
				CLANG_WARN_BOOL_CONVERSION = YES;
				CLANG_WARN_COMMA = YES;
				CLANG_WARN_CONSTANT_CONVERSION = YES;
				CLANG_WARN_DEPRECATED_OBJC_IMPLEMENTATIONS = YES;
				CLANG_WARN_DIRECT_OBJC_ISA_USAGE = YES_ERROR;
				CLANG_WARN_DOCUMENTATION_COMMENTS = YES;
				CLANG_WARN_EMPTY_BODY = YES;
				CLANG_WARN_ENUM_CONVERSION = YES;
				CLANG_WARN_INFINITE_RECURSION = YES;
				CLANG_WARN_INT_CONVERSION = YES;
				CLANG_WARN_NON_LITERAL_NULL_CONVERSION = YES;
				CLANG_WARN_OBJC_IMPLICIT_RETAIN_SELF = YES;
				CLANG_WARN_OBJC_LITERAL_CONVERSION = YES;
				CLANG_WARN_OBJC_ROOT_CLASS = YES_ERROR;
				CLANG_WARN_RANGE_LOOP_ANALYSIS = YES;
				CLANG_WARN_STRICT_PROTOTYPES = YES;
				CLANG_WARN_SUSPICIOUS_MOVE = YES;
				CLANG_WARN_UNGUARDED_AVAILABILITY = YES_AGGRESSIVE;
				CLANG_WARN_UNREACHABLE_CODE = YES;
				CLANG_WARN__DUPLICATE_METHOD_MATCH = YES;
				COPY_PHASE_STRIP = NO;
				DEBUG_INFORMATION_FORMAT = dwarf;
				ENABLE_STRICT_OBJC_MSGSEND = YES;
				ENABLE_TESTABILITY = YES;
				GCC_C_LANGUAGE_STANDARD = gnu11;
				GCC_DYNAMIC_NO_PIC = NO;
				GCC_NO_COMMON_BLOCKS = YES;
				GCC_OPTIMIZATION_LEVEL = 0;
				GCC_PREPROCESSOR_DEFINITIONS = (
					"DEBUG=1",
					"$(inherited)",
				);
				GCC_WARN_64_TO_32_BIT_CONVERSION = YES;
				GCC_WARN_ABOUT_RETURN_TYPE = YES_ERROR;
				GCC_WARN_UNDECLARED_SELECTOR = YES;
				GCC_WARN_UNINITIALIZED_AUTOS = YES_AGGRESSIVE;
				GCC_WARN_UNUSED_FUNCTION = YES;
				GCC_WARN_UNUSED_VARIABLE = YES;
				IPHONEOS_DEPLOYMENT_TARGET = 13.2;
				MTL_ENABLE_DEBUG_INFO = INCLUDE_SOURCE;
				MTL_FAST_MATH = YES;
				ONLY_ACTIVE_ARCH = YES;
				SDKROOT = iphoneos;
				SWIFT_ACTIVE_COMPILATION_CONDITIONS = DEBUG;
				SWIFT_OPTIMIZATION_LEVEL = "-Onone";
			};
			name = Debug;
		};
		A44768EB23CE15FD00148F17 /* Release */ = {
			isa = XCBuildConfiguration;
			buildSettings = {
				ALWAYS_SEARCH_USER_PATHS = NO;
				CLANG_ANALYZER_NONNULL = YES;
				CLANG_ANALYZER_NUMBER_OBJECT_CONVERSION = YES_AGGRESSIVE;
				CLANG_CXX_LANGUAGE_STANDARD = "gnu++14";
				CLANG_CXX_LIBRARY = "libc++";
				CLANG_ENABLE_MODULES = YES;
				CLANG_ENABLE_OBJC_ARC = YES;
				CLANG_ENABLE_OBJC_WEAK = YES;
				CLANG_WARN_BLOCK_CAPTURE_AUTORELEASING = YES;
				CLANG_WARN_BOOL_CONVERSION = YES;
				CLANG_WARN_COMMA = YES;
				CLANG_WARN_CONSTANT_CONVERSION = YES;
				CLANG_WARN_DEPRECATED_OBJC_IMPLEMENTATIONS = YES;
				CLANG_WARN_DIRECT_OBJC_ISA_USAGE = YES_ERROR;
				CLANG_WARN_DOCUMENTATION_COMMENTS = YES;
				CLANG_WARN_EMPTY_BODY = YES;
				CLANG_WARN_ENUM_CONVERSION = YES;
				CLANG_WARN_INFINITE_RECURSION = YES;
				CLANG_WARN_INT_CONVERSION = YES;
				CLANG_WARN_NON_LITERAL_NULL_CONVERSION = YES;
				CLANG_WARN_OBJC_IMPLICIT_RETAIN_SELF = YES;
				CLANG_WARN_OBJC_LITERAL_CONVERSION = YES;
				CLANG_WARN_OBJC_ROOT_CLASS = YES_ERROR;
				CLANG_WARN_RANGE_LOOP_ANALYSIS = YES;
				CLANG_WARN_STRICT_PROTOTYPES = YES;
				CLANG_WARN_SUSPICIOUS_MOVE = YES;
				CLANG_WARN_UNGUARDED_AVAILABILITY = YES_AGGRESSIVE;
				CLANG_WARN_UNREACHABLE_CODE = YES;
				CLANG_WARN__DUPLICATE_METHOD_MATCH = YES;
				COPY_PHASE_STRIP = NO;
				DEBUG_INFORMATION_FORMAT = "dwarf-with-dsym";
				ENABLE_NS_ASSERTIONS = NO;
				ENABLE_STRICT_OBJC_MSGSEND = YES;
				GCC_C_LANGUAGE_STANDARD = gnu11;
				GCC_NO_COMMON_BLOCKS = YES;
				GCC_WARN_64_TO_32_BIT_CONVERSION = YES;
				GCC_WARN_ABOUT_RETURN_TYPE = YES_ERROR;
				GCC_WARN_UNDECLARED_SELECTOR = YES;
				GCC_WARN_UNINITIALIZED_AUTOS = YES_AGGRESSIVE;
				GCC_WARN_UNUSED_FUNCTION = YES;
				GCC_WARN_UNUSED_VARIABLE = YES;
				IPHONEOS_DEPLOYMENT_TARGET = 13.2;
				MTL_ENABLE_DEBUG_INFO = NO;
				MTL_FAST_MATH = YES;
				SDKROOT = iphoneos;
				SWIFT_COMPILATION_MODE = wholemodule;
				SWIFT_OPTIMIZATION_LEVEL = "-O";
				VALIDATE_PRODUCT = YES;
			};
			name = Release;
		};
		A44768ED23CE15FD00148F17 /* Debug */ = {
			isa = XCBuildConfiguration;
			buildSettings = {
				ASSETCATALOG_COMPILER_APPICON_NAME = AppIcon;
				CODE_SIGN_STYLE = Automatic;
				DEVELOPMENT_TEAM = 5S3HZH8L67;
				INFOPLIST_FILE = OrderDrinkAppVer.3/Info.plist;
				LD_RUNPATH_SEARCH_PATHS = (
					"$(inherited)",
					"@executable_path/Frameworks",
				);
				PRODUCT_BUNDLE_IDENTIFIER = "com.yuwen.OrderDrinkAppVer-3";
				PRODUCT_NAME = "$(TARGET_NAME)";
				SWIFT_VERSION = 5.0;
				TARGETED_DEVICE_FAMILY = "1,2";
			};
			name = Debug;
		};
		A44768EE23CE15FD00148F17 /* Release */ = {
			isa = XCBuildConfiguration;
			buildSettings = {
				ASSETCATALOG_COMPILER_APPICON_NAME = AppIcon;
				CODE_SIGN_STYLE = Automatic;
				DEVELOPMENT_TEAM = 5S3HZH8L67;
				INFOPLIST_FILE = OrderDrinkAppVer.3/Info.plist;
				LD_RUNPATH_SEARCH_PATHS = (
					"$(inherited)",
					"@executable_path/Frameworks",
				);
				PRODUCT_BUNDLE_IDENTIFIER = "com.yuwen.OrderDrinkAppVer-3";
				PRODUCT_NAME = "$(TARGET_NAME)";
				SWIFT_VERSION = 5.0;
				TARGETED_DEVICE_FAMILY = "1,2";
			};
			name = Release;
		};
		A44768F023CE15FD00148F17 /* Debug */ = {
			isa = XCBuildConfiguration;
			buildSettings = {
				ALWAYS_EMBED_SWIFT_STANDARD_LIBRARIES = YES;
				BUNDLE_LOADER = "$(TEST_HOST)";
				CODE_SIGN_STYLE = Automatic;
				DEVELOPMENT_TEAM = 5S3HZH8L67;
				INFOPLIST_FILE = OrderDrinkAppVer.3Tests/Info.plist;
				IPHONEOS_DEPLOYMENT_TARGET = 13.2;
				LD_RUNPATH_SEARCH_PATHS = (
					"$(inherited)",
					"@executable_path/Frameworks",
					"@loader_path/Frameworks",
				);
				PRODUCT_BUNDLE_IDENTIFIER = "com.yuwen.OrderDrinkAppVer-3Tests";
				PRODUCT_NAME = "$(TARGET_NAME)";
				SWIFT_VERSION = 5.0;
				TARGETED_DEVICE_FAMILY = "1,2";
				TEST_HOST = "$(BUILT_PRODUCTS_DIR)/OrderDrinkAppVer.3.app/OrderDrinkAppVer.3";
			};
			name = Debug;
		};
		A44768F123CE15FD00148F17 /* Release */ = {
			isa = XCBuildConfiguration;
			buildSettings = {
				ALWAYS_EMBED_SWIFT_STANDARD_LIBRARIES = YES;
				BUNDLE_LOADER = "$(TEST_HOST)";
				CODE_SIGN_STYLE = Automatic;
				DEVELOPMENT_TEAM = 5S3HZH8L67;
				INFOPLIST_FILE = OrderDrinkAppVer.3Tests/Info.plist;
				IPHONEOS_DEPLOYMENT_TARGET = 13.2;
				LD_RUNPATH_SEARCH_PATHS = (
					"$(inherited)",
					"@executable_path/Frameworks",
					"@loader_path/Frameworks",
				);
				PRODUCT_BUNDLE_IDENTIFIER = "com.yuwen.OrderDrinkAppVer-3Tests";
				PRODUCT_NAME = "$(TARGET_NAME)";
				SWIFT_VERSION = 5.0;
				TARGETED_DEVICE_FAMILY = "1,2";
				TEST_HOST = "$(BUILT_PRODUCTS_DIR)/OrderDrinkAppVer.3.app/OrderDrinkAppVer.3";
			};
			name = Release;
		};
		A44768F323CE15FD00148F17 /* Debug */ = {
			isa = XCBuildConfiguration;
			buildSettings = {
				ALWAYS_EMBED_SWIFT_STANDARD_LIBRARIES = YES;
				CODE_SIGN_STYLE = Automatic;
				DEVELOPMENT_TEAM = 5S3HZH8L67;
				INFOPLIST_FILE = OrderDrinkAppVer.3UITests/Info.plist;
				LD_RUNPATH_SEARCH_PATHS = (
					"$(inherited)",
					"@executable_path/Frameworks",
					"@loader_path/Frameworks",
				);
				PRODUCT_BUNDLE_IDENTIFIER = "com.yuwen.OrderDrinkAppVer-3UITests";
				PRODUCT_NAME = "$(TARGET_NAME)";
				SWIFT_VERSION = 5.0;
				TARGETED_DEVICE_FAMILY = "1,2";
				TEST_TARGET_NAME = OrderDrinkAppVer.3;
			};
			name = Debug;
		};
		A44768F423CE15FD00148F17 /* Release */ = {
			isa = XCBuildConfiguration;
			buildSettings = {
				ALWAYS_EMBED_SWIFT_STANDARD_LIBRARIES = YES;
				CODE_SIGN_STYLE = Automatic;
				DEVELOPMENT_TEAM = 5S3HZH8L67;
				INFOPLIST_FILE = OrderDrinkAppVer.3UITests/Info.plist;
				LD_RUNPATH_SEARCH_PATHS = (
					"$(inherited)",
					"@executable_path/Frameworks",
					"@loader_path/Frameworks",
				);
				PRODUCT_BUNDLE_IDENTIFIER = "com.yuwen.OrderDrinkAppVer-3UITests";
				PRODUCT_NAME = "$(TARGET_NAME)";
				SWIFT_VERSION = 5.0;
				TARGETED_DEVICE_FAMILY = "1,2";
				TEST_TARGET_NAME = OrderDrinkAppVer.3;
			};
			name = Release;
		};
/* End XCBuildConfiguration section */

/* Begin XCConfigurationList section */
		A44768BA23CE15F900148F17 /* Build configuration list for PBXProject "OrderDrinkAppVer.3" */ = {
			isa = XCConfigurationList;
			buildConfigurations = (
				A44768EA23CE15FD00148F17 /* Debug */,
				A44768EB23CE15FD00148F17 /* Release */,
			);
			defaultConfigurationIsVisible = 0;
			defaultConfigurationName = Release;
		};
		A44768EC23CE15FD00148F17 /* Build configuration list for PBXNativeTarget "OrderDrinkAppVer.3" */ = {
			isa = XCConfigurationList;
			buildConfigurations = (
				A44768ED23CE15FD00148F17 /* Debug */,
				A44768EE23CE15FD00148F17 /* Release */,
			);
			defaultConfigurationIsVisible = 0;
			defaultConfigurationName = Release;
		};
		A44768EF23CE15FD00148F17 /* Build configuration list for PBXNativeTarget "OrderDrinkAppVer.3Tests" */ = {
			isa = XCConfigurationList;
			buildConfigurations = (
				A44768F023CE15FD00148F17 /* Debug */,
				A44768F123CE15FD00148F17 /* Release */,
			);
			defaultConfigurationIsVisible = 0;
			defaultConfigurationName = Release;
		};
		A44768F223CE15FD00148F17 /* Build configuration list for PBXNativeTarget "OrderDrinkAppVer.3UITests" */ = {
			isa = XCConfigurationList;
			buildConfigurations = (
				A44768F323CE15FD00148F17 /* Debug */,
				A44768F423CE15FD00148F17 /* Release */,
			);
			defaultConfigurationIsVisible = 0;
			defaultConfigurationName = Release;
		};
/* End XCConfigurationList section */

/* Begin XCVersionGroup section */
		A44768CB23CE15F900148F17 /* OrderDrinkAppVer_3.xcdatamodeld */ = {
			isa = XCVersionGroup;
			children = (
				A44768CC23CE15F900148F17 /* OrderDrinkAppVer_3.xcdatamodel */,
			);
			currentVersion = A44768CC23CE15F900148F17 /* OrderDrinkAppVer_3.xcdatamodel */;
			path = OrderDrinkAppVer_3.xcdatamodeld;
			sourceTree = "<group>";
			versionGroupType = wrapper.xcdatamodel;
		};
/* End XCVersionGroup section */
	};
	rootObject = A44768B723CE15F900148F17 /* Project object */;
}
